
Microsoft Visual Studio Solution File, Format Version 12.00
# Visual Studio Version 17
VisualStudioVersion = 17.12.35707.178
MinimumVisualStudioVersion = 10.0.40219.1
Project("{FAE04EC0-301F-11D3-BF4B-00C04F79EFBC}") = "ConsoleApp.OutputDemo", "ConsoleApp.OutputDemo\ConsoleApp.OutputDemo.csproj", "{A829A244-564E-48ED-A3D8-AE8BA375022E}"
EndProject
Project("{FAE04EC0-301F-11D3-BF4B-00C04F79EFBC}") = "ConsoleApp.VAriablesDemo", "ConsoleApp.VAriablesDemo\ConsoleApp.VAriablesDemo.csproj", "{D1DFF5A9-334D-45D0-B763-B6BBEC31E02A}"
EndProject
Project("{FAE04EC0-301F-11D3-BF4B-00C04F79EFBC}") = "ConsoleApp.UserInputDemo", "ConsoleApp.UserInputDemo\ConsoleApp.UserInputDemo.csproj", "{CEAA8183-46B0-4F77-A2AE-48351FA1EFD6}"
EndProject
Project("{FAE04EC0-301F-11D3-BF4B-00C04F79EFBC}") = "ConditionsAndDecisions", "ConditionsAndDecisions\ConditionsAndDecisions.csproj", "{E997428E-EE34-4AED-B5FC-D1EE4370B947}"
EndProject
Project("{FAE04EC0-301F-11D3-BF4B-00C04F79EFBC}") = "ConsoleApp.SampleCalculator", "ConsoleApp.SampleCalculator\ConsoleApp.SampleCalculator.csproj", "{F2DF8F5F-56A4-44D0-A33C-FAA1DEC2974F}"
EndProject
Project("{FAE04EC0-301F-11D3-BF4B-00C04F79EFBC}") = "ConsoleApp.loop", "ConsoleApp.loop\ConsoleApp.loop.csproj", "{F6759E9F-44CF-454C-99E2-602970CDF62C}"
EndProject
Project("{FAE04EC0-301F-11D3-BF4B-00C04F79EFBC}") = "ConsoleApp.ExceptionHandlingDemo", "ConsoleApp.ExceptionHandlingDemo\ConsoleApp.ExceptionHandlingDemo.csproj", "{E49F59EA-5372-4535-91CC-86482067DCA9}"
EndProject
Global
	GlobalSection(SolutionConfigurationPlatforms) = preSolution
		Debug|Any CPU = Debug|Any CPU
		Release|Any CPU = Release|Any CPU
	EndGlobalSection
	GlobalSection(ProjectConfigurationPlatforms) = postSolution
		{A829A244-564E-48ED-A3D8-AE8BA375022E}.Debug|Any CPU.ActiveCfg = Debug|Any CPU
		{A829A244-564E-48ED-A3D8-AE8BA375022E}.Debug|Any CPU.Build.0 = Debug|Any CPU
		{A829A244-564E-48ED-A3D8-AE8BA375022E}.Release|Any CPU.ActiveCfg = Release|Any CPU
		{A829A244-564E-48ED-A3D8-AE8BA375022E}.Release|Any CPU.Build.0 = Release|Any CPU
		{D1DFF5A9-334D-45D0-B763-B6BBEC31E02A}.Debug|Any CPU.ActiveCfg = Debug|Any CPU
		{D1DFF5A9-334D-45D0-B763-B6BBEC31E02A}.Debug|Any CPU.Build.0 = Debug|Any CPU
		{D1DFF5A9-334D-45D0-B763-B6BBEC31E02A}.Release|Any CPU.ActiveCfg = Release|Any CPU
		{D1DFF5A9-334D-45D0-B763-B6BBEC31E02A}.Release|Any CPU.Build.0 = Release|Any CPU
		{CEAA8183-46B0-4F77-A2AE-48351FA1EFD6}.Debug|Any CPU.ActiveCfg = Debug|Any CPU
		{CEAA8183-46B0-4F77-A2AE-48351FA1EFD6}.Debug|Any CPU.Build.0 = Debug|Any CPU
		{CEAA8183-46B0-4F77-A2AE-48351FA1EFD6}.Release|Any CPU.ActiveCfg = Release|Any CPU
		{CEAA8183-46B0-4F77-A2AE-48351FA1EFD6}.Release|Any CPU.Build.0 = Release|Any CPU
		{E997428E-EE34-4AED-B5FC-D1EE4370B947}.Debug|Any CPU.ActiveCfg = Debug|Any CPU
		{E997428E-EE34-4AED-B5FC-D1EE4370B947}.Debug|Any CPU.Build.0 = Debug|Any CPU
		{E997428E-EE34-4AED-B5FC-D1EE4370B947}.Release|Any CPU.ActiveCfg = Release|Any CPU
		{E997428E-EE34-4AED-B5FC-D1EE4370B947}.Release|Any CPU.Build.0 = Release|Any CPU
		{F2DF8F5F-56A4-44D0-A33C-FAA1DEC2974F}.Debug|Any CPU.ActiveCfg = Debug|Any CPU
		{F2DF8F5F-56A4-44D0-A33C-FAA1DEC2974F}.Debug|Any CPU.Build.0 = Debug|Any CPU
		{F2DF8F5F-56A4-44D0-A33C-FAA1DEC2974F}.Release|Any CPU.ActiveCfg = Release|Any CPU
		{F2DF8F5F-56A4-44D0-A33C-FAA1DEC2974F}.Release|Any CPU.Build.0 = Release|Any CPU
		{F6759E9F-44CF-454C-99E2-602970CDF62C}.Debug|Any CPU.ActiveCfg = Debug|Any CPU
		{F6759E9F-44CF-454C-99E2-602970CDF62C}.Debug|Any CPU.Build.0 = Debug|Any CPU
		{F6759E9F-44CF-454C-99E2-602970CDF62C}.Release|Any CPU.ActiveCfg = Release|Any CPU
		{F6759E9F-44CF-454C-99E2-602970CDF62C}.Release|Any CPU.Build.0 = Release|Any CPU
		{E49F59EA-5372-4535-91CC-86482067DCA9}.Debug|Any CPU.ActiveCfg = Debug|Any CPU
		{E49F59EA-5372-4535-91CC-86482067DCA9}.Debug|Any CPU.Build.0 = Debug|Any CPU
		{E49F59EA-5372-4535-91CC-86482067DCA9}.Release|Any CPU.ActiveCfg = Release|Any CPU
		{E49F59EA-5372-4535-91CC-86482067DCA9}.Release|Any CPU.Build.0 = Release|Any CPU
	EndGlobalSection
	GlobalSection(SolutionProperties) = preSolution
		HideSolutionNode = FALSE
	EndGlobalSection
EndGlobal
